
Microsoft Visual Studio Solution File, Format Version 12.00
# Visual Studio Version 17
VisualStudioVersion = 17.5.33424.131
MinimumVisualStudioVersion = 10.0.40219.1
Project("{9A19103F-16F7-4668-BE54-9A1E7A4F7556}") = "Kata.Bowling", "Kata.Bowling\Kata.Bowling.csproj", "{225070B1-6386-40AD-A5A9-47B0F762BD8A}"
EndProject
Project("{2150E333-8FDC-42A3-9474-1A3956D46DE8}") = "Solution Items", "Solution Items", "{3C2FE1CD-486B-4EC4-87E9-612E6F76BECD}"
	ProjectSection(SolutionItems) = preProject
		README.md = README.md
	EndProjectSection
EndProject
Global
	GlobalSection(SolutionConfigurationPlatforms) = preSolution
		Debug|Any CPU = Debug|Any CPU
		Release|Any CPU = Release|Any CPU
	EndGlobalSection
	GlobalSection(ProjectConfigurationPlatforms) = postSolution
		{225070B1-6386-40AD-A5A9-47B0F762BD8A}.Debug|Any CPU.ActiveCfg = Debug|Any CPU
		{225070B1-6386-40AD-A5A9-47B0F762BD8A}.Debug|Any CPU.Build.0 = Debug|Any CPU
		{225070B1-6386-40AD-A5A9-47B0F762BD8A}.Release|Any CPU.ActiveCfg = Release|Any CPU
		{225070B1-6386-40AD-A5A9-47B0F762BD8A}.Release|Any CPU.Build.0 = Release|Any CPU
	EndGlobalSection
	GlobalSection(SolutionProperties) = preSolution
		HideSolutionNode = FALSE
	EndGlobalSection
	GlobalSection(ExtensibilityGlobals) = postSolution
		SolutionGuid = {7AF16950-4872-4627-A9DA-86BE5DFD801E}
	EndGlobalSection
EndGlobal
